
Microsoft Visual Studio Solution File, Format Version 12.00
# Visual Studio Version 16
VisualStudioVersion = 16.0.31515.178
MinimumVisualStudioVersion = 10.0.40219.1
Project("{FAE04EC0-301F-11D3-BF4B-00C04F79EFBC}") = "WpfGeldautomat", "WpfGeldautomat.csproj", "{E1C1D490-3B01-4565-ACAE-3F443EE77470}"
EndProject
Project("{FAE04EC0-301F-11D3-BF4B-00C04F79EFBC}") = "KontoTests", "KontoTests\KontoTests.csproj", "{DA3186AE-59F6-47DB-99E8-E3469F4DF13F}"
EndProject
Global
	GlobalSection(SolutionConfigurationPlatforms) = preSolution
		Debug|Any CPU = Debug|Any CPU
		Release|Any CPU = Release|Any CPU
	EndGlobalSection
	GlobalSection(ProjectConfigurationPlatforms) = postSolution
		{E1C1D490-3B01-4565-ACAE-3F443EE77470}.Debug|Any CPU.ActiveCfg = Debug|Any CPU
		{E1C1D490-3B01-4565-ACAE-3F443EE77470}.Debug|Any CPU.Build.0 = Debug|Any CPU
		{E1C1D490-3B01-4565-ACAE-3F443EE77470}.Release|Any CPU.ActiveCfg = Release|Any CPU
		{E1C1D490-3B01-4565-ACAE-3F443EE77470}.Release|Any CPU.Build.0 = Release|Any CPU
		{DA3186AE-59F6-47DB-99E8-E3469F4DF13F}.Debug|Any CPU.ActiveCfg = Debug|Any CPU
		{DA3186AE-59F6-47DB-99E8-E3469F4DF13F}.Debug|Any CPU.Build.0 = Debug|Any CPU
		{DA3186AE-59F6-47DB-99E8-E3469F4DF13F}.Release|Any CPU.ActiveCfg = Release|Any CPU
		{DA3186AE-59F6-47DB-99E8-E3469F4DF13F}.Release|Any CPU.Build.0 = Release|Any CPU
	EndGlobalSection
	GlobalSection(SolutionProperties) = preSolution
		HideSolutionNode = FALSE
	EndGlobalSection
	GlobalSection(ExtensibilityGlobals) = postSolution
		SolutionGuid = {AA49FE74-5E3B-426B-94C2-F64248A402A4}
	EndGlobalSection
EndGlobal
